// !$*UTF8*$!
{
	archiveVersion = 1;
	classes = {
	};
	objectVersion = 50;
	objects = {

/* Begin PBXBuildFile section */
		7E0CC4DD27424B3C00B3A130 /* AppDelegate.swift in Sources */ = {isa = PBXBuildFile; fileRef = 7E0CC4DC27424B3C00B3A130 /* AppDelegate.swift */; };
		7E0CC4DF27424B3C00B3A130 /* SceneDelegate.swift in Sources */ = {isa = PBXBuildFile; fileRef = 7E0CC4DE27424B3C00B3A130 /* SceneDelegate.swift */; };
		7E0CC4E127424B3C00B3A130 /* ViewController.swift in Sources */ = {isa = PBXBuildFile; fileRef = 7E0CC4E027424B3C00B3A130 /* ViewController.swift */; };
		7E0CC4E427424B3C00B3A130 /* Main.storyboard in Resources */ = {isa = PBXBuildFile; fileRef = 7E0CC4E227424B3C00B3A130 /* Main.storyboard */; };
		7E0CC4E627424B3E00B3A130 /* Assets.xcassets in Resources */ = {isa = PBXBuildFile; fileRef = 7E0CC4E527424B3E00B3A130 /* Assets.xcassets */; };
		7E0CC4E927424B3E00B3A130 /* LaunchScreen.storyboard in Resources */ = {isa = PBXBuildFile; fileRef = 7E0CC4E727424B3E00B3A130 /* LaunchScreen.storyboard */; };
		7E0CC4F6274256E500B3A130 /* Data.json in Resources */ = {isa = PBXBuildFile; fileRef = 7E0CC4F5274256E500B3A130 /* Data.json */; };
		7E0CC4FB27425DF700B3A130 /* DataModel.swift in Sources */ = {isa = PBXBuildFile; fileRef = 7E0CC4FA27425DF700B3A130 /* DataModel.swift */; };
		7E0CC4FE27427B9700B3A130 /* UserData.json in Resources */ = {isa = PBXBuildFile; fileRef = 7E0CC4FD27427B9700B3A130 /* UserData.json */; };
		7EEEB8A62744D74F00BC5B10 /* JsonData.json in Resources */ = {isa = PBXBuildFile; fileRef = 7EEEB8A52744D74F00BC5B10 /* JsonData.json */; };
/* End PBXBuildFile section */

/* Begin PBXFileReference section */
		7E0CC4D927424B3C00B3A130 /* DynamicUIFromJSON.app */ = {isa = PBXFileReference; explicitFileType = wrapper.application; includeInIndex = 0; path = DynamicUIFromJSON.app; sourceTree = BUILT_PRODUCTS_DIR; };
		7E0CC4DC27424B3C00B3A130 /* AppDelegate.swift */ = {isa = PBXFileReference; lastKnownFileType = sourcecode.swift; path = AppDelegate.swift; sourceTree = "<group>"; };
		7E0CC4DE27424B3C00B3A130 /* SceneDelegate.swift */ = {isa = PBXFileReference; lastKnownFileType = sourcecode.swift; path = SceneDelegate.swift; sourceTree = "<group>"; };
		7E0CC4E027424B3C00B3A130 /* ViewController.swift */ = {isa = PBXFileReference; lastKnownFileType = sourcecode.swift; path = ViewController.swift; sourceTree = "<group>"; };
		7E0CC4E327424B3C00B3A130 /* Base */ = {isa = PBXFileReference; lastKnownFileType = file.storyboard; name = Base; path = Base.lproj/Main.storyboard; sourceTree = "<group>"; };
		7E0CC4E527424B3E00B3A130 /* Assets.xcassets */ = {isa = PBXFileReference; lastKnownFileType = folder.assetcatalog; path = Assets.xcassets; sourceTree = "<group>"; };
		7E0CC4E827424B3E00B3A130 /* Base */ = {isa = PBXFileReference; lastKnownFileType = file.storyboard; name = Base; path = Base.lproj/LaunchScreen.storyboard; sourceTree = "<group>"; };
		7E0CC4EA27424B3E00B3A130 /* Info.plist */ = {isa = PBXFileReference; lastKnownFileType = text.plist.xml; path = Info.plist; sourceTree = "<group>"; };
		7E0CC4F5274256E500B3A130 /* Data.json */ = {isa = PBXFileReference; lastKnownFileType = text.json; path = Data.json; sourceTree = "<group>"; xcLanguageSpecificationIdentifier = xcode.lang.json; };
		7E0CC4FA27425DF700B3A130 /* DataModel.swift */ = {isa = PBXFileReference; lastKnownFileType = sourcecode.swift; path = DataModel.swift; sourceTree = "<group>"; };
		7E0CC4FD27427B9700B3A130 /* UserData.json */ = {isa = PBXFileReference; lastKnownFileType = text.json; path = UserData.json; sourceTree = "<group>"; };
		7EEEB8A52744D74F00BC5B10 /* JsonData.json */ = {isa = PBXFileReference; lastKnownFileType = text.json; path = JsonData.json; sourceTree = "<group>"; };
/* End PBXFileReference section */

/* Begin PBXFrameworksBuildPhase section */
		7E0CC4D627424B3C00B3A130 /* Frameworks */ = {
			isa = PBXFrameworksBuildPhase;
			buildActionMask = 2147483647;
			files = (
			);
			runOnlyForDeploymentPostprocessing = 0;
		};
/* End PBXFrameworksBuildPhase section */

/* Begin PBXGroup section */
		7E0CC4D027424B3C00B3A130 = {
			isa = PBXGroup;
			children = (
				7E0CC4DB27424B3C00B3A130 /* DynamicUIFromJSON */,
				7E0CC4DA27424B3C00B3A130 /* Products */,
			);
			sourceTree = "<group>";
		};
		7E0CC4DA27424B3C00B3A130 /* Products */ = {
			isa = PBXGroup;
			children = (
				7E0CC4D927424B3C00B3A130 /* DynamicUIFromJSON.app */,
			);
			name = Products;
			sourceTree = "<group>";
		};
		7E0CC4DB27424B3C00B3A130 /* DynamicUIFromJSON */ = {
			isa = PBXGroup;
			children = (
				7E0CC4DC27424B3C00B3A130 /* AppDelegate.swift */,
				7E0CC4DE27424B3C00B3A130 /* SceneDelegate.swift */,
				7E0CC4E027424B3C00B3A130 /* ViewController.swift */,
				7E0CC4FA27425DF700B3A130 /* DataModel.swift */,
				7E0CC4E227424B3C00B3A130 /* Main.storyboard */,
				7E0CC4E527424B3E00B3A130 /* Assets.xcassets */,
				7E0CC4E727424B3E00B3A130 /* LaunchScreen.storyboard */,
				7E0CC4EA27424B3E00B3A130 /* Info.plist */,
				7E0CC4F5274256E500B3A130 /* Data.json */,
				7EEEB8A52744D74F00BC5B10 /* JsonData.json */,
				7E0CC4FD27427B9700B3A130 /* UserData.json */,
			);
			path = DynamicUIFromJSON;
			sourceTree = "<group>";
		};
/* End PBXGroup section */

/* Begin PBXNativeTarget section */
		7E0CC4D827424B3C00B3A130 /* DynamicUIFromJSON */ = {
			isa = PBXNativeTarget;
			buildConfigurationList = 7E0CC4ED27424B3E00B3A130 /* Build configuration list for PBXNativeTarget "DynamicUIFromJSON" */;
			buildPhases = (
				7E0CC4D527424B3C00B3A130 /* Sources */,
				7E0CC4D627424B3C00B3A130 /* Frameworks */,
				7E0CC4D727424B3C00B3A130 /* Resources */,
			);
			buildRules = (
			);
			dependencies = (
			);
			name = DynamicUIFromJSON;
			productName = DynamicUIFromJSON;
			productReference = 7E0CC4D927424B3C00B3A130 /* DynamicUIFromJSON.app */;
			productType = "com.apple.product-type.application";
		};
/* End PBXNativeTarget section */

/* Begin PBXProject section */
		7E0CC4D127424B3C00B3A130 /* Project object */ = {
			isa = PBXProject;
			attributes = {
				LastSwiftUpdateCheck = 1210;
				LastUpgradeCheck = 1210;
				TargetAttributes = {
					7E0CC4D827424B3C00B3A130 = {
						CreatedOnToolsVersion = 12.1;
					};
				};
			};
			buildConfigurationList = 7E0CC4D427424B3C00B3A130 /* Build configuration list for PBXProject "DynamicUIFromJSON" */;
			compatibilityVersion = "Xcode 9.3";
			developmentRegion = en;
			hasScannedForEncodings = 0;
			knownRegions = (
				en,
				Base,
			);
			mainGroup = 7E0CC4D027424B3C00B3A130;
			productRefGroup = 7E0CC4DA27424B3C00B3A130 /* Products */;
			projectDirPath = "";
			projectRoot = "";
			targets = (
				7E0CC4D827424B3C00B3A130 /* DynamicUIFromJSON */,
			);
		};
/* End PBXProject section */

/* Begin PBXResourcesBuildPhase section */
		7E0CC4D727424B3C00B3A130 /* Resources */ = {
			isa = PBXResourcesBuildPhase;
			buildActionMask = 2147483647;
			files = (
				7E0CC4E927424B3E00B3A130 /* LaunchScreen.storyboard in Resources */,
				7EEEB8A62744D74F00BC5B10 /* JsonData.json in Resources */,
				7E0CC4E627424B3E00B3A130 /* Assets.xcassets in Resources */,
				7E0CC4E427424B3C00B3A130 /* Main.storyboard in Resources */,
				7E0CC4F6274256E500B3A130 /* Data.json in Resources */,
				7E0CC4FE27427B9700B3A130 /* UserData.json in Resources */,
			);
			runOnlyForDeploymentPostprocessing = 0;
		};
/* End PBXResourcesBuildPhase section */

/* Begin PBXSourcesBuildPhase section */
		7E0CC4D527424B3C00B3A130 /* Sources */ = {
			isa = PBXSourcesBuildPhase;
			buildActionMask = 2147483647;
			files = (
				7E0CC4E127424B3C00B3A130 /* ViewController.swift in Sources */,
				7E0CC4FB27425DF700B3A130 /* DataModel.swift in Sources */,
				7E0CC4DD27424B3C00B3A130 /* AppDelegate.swift in Sources */,
				7E0CC4DF27424B3C00B3A130 /* SceneDelegate.swift in Sources */,
			);
			runOnlyForDeploymentPostprocessing = 0;
		};
/* End PBXSourcesBuildPhase section */

/* Begin PBXVariantGroup section */
		7E0CC4E227424B3C00B3A130 /* Main.storyboard */ = {
			isa = PBXVariantGroup;
			children = (
				7E0CC4E327424B3C00B3A130 /* Base */,
			);
			name = Main.storyboard;
			sourceTree = "<group>";
		};
		7E0CC4E727424B3E00B3A130 /* LaunchScreen.storyboard */ = {
			isa = PBXVariantGroup;
			children = (
				7E0CC4E827424B3E00B3A130 /* Base */,
			);
			name = LaunchScreen.storyboard;
			sourceTree = "<group>";
		};
/* End PBXVariantGroup section */

/* Begin XCBuildConfiguration section */
		7E0CC4EB27424B3E00B3A130 /* Debug */ = {
			isa = XCBuildConfiguration;
			buildSettings = {
				ALWAYS_SEARCH_USER_PATHS = NO;
				CLANG_ANALYZER_NONNULL = YES;
				CLANG_ANALYZER_NUMBER_OBJECT_CONVERSION = YES_AGGRESSIVE;
				CLANG_CXX_LANGUAGE_STANDARD = "gnu++14";
				CLANG_CXX_LIBRARY = "libc++";
				CLANG_ENABLE_MODULES = YES;
				CLANG_ENABLE_OBJC_ARC = YES;
				CLANG_ENABLE_OBJC_WEAK = YES;
				CLANG_WARN_BLOCK_CAPTURE_AUTORELEASING = YES;
				CLANG_WARN_BOOL_CONVERSION = YES;
				CLANG_WARN_COMMA = YES;
				CLANG_WARN_CONSTANT_CONVERSION = YES;
				CLANG_WARN_DEPRECATED_OBJC_IMPLEMENTATIONS = YES;
				CLANG_WARN_DIRECT_OBJC_ISA_USAGE = YES_ERROR;
				CLANG_WARN_DOCUMENTATION_COMMENTS = YES;
				CLANG_WARN_EMPTY_BODY = YES;
				CLANG_WARN_ENUM_CONVERSION = YES;
				CLANG_WARN_INFINITE_RECURSION = YES;
				CLANG_WARN_INT_CONVERSION = YES;
				CLANG_WARN_NON_LITERAL_NULL_CONVERSION = YES;
				CLANG_WARN_OBJC_IMPLICIT_RETAIN_SELF = YES;
				CLANG_WARN_OBJC_LITERAL_CONVERSION = YES;
				CLANG_WARN_OBJC_ROOT_CLASS = YES_ERROR;
				CLANG_WARN_QUOTED_INCLUDE_IN_FRAMEWORK_HEADER = YES;
				CLANG_WARN_RANGE_LOOP_ANALYSIS = YES;
				CLANG_WARN_STRICT_PROTOTYPES = YES;
				CLANG_WARN_SUSPICIOUS_MOVE = YES;
				CLANG_WARN_UNGUARDED_AVAILABILITY = YES_AGGRESSIVE;
				CLANG_WARN_UNREACHABLE_CODE = YES;
				CLANG_WARN__DUPLICATE_METHOD_MATCH = YES;
				COPY_PHASE_STRIP = NO;
				DEBUG_INFORMATION_FORMAT = dwarf;
				ENABLE_STRICT_OBJC_MSGSEND = YES;
				ENABLE_TESTABILITY = YES;
				GCC_C_LANGUAGE_STANDARD = gnu11;
				GCC_DYNAMIC_NO_PIC = NO;
				GCC_NO_COMMON_BLOCKS = YES;
				GCC_OPTIMIZATION_LEVEL = 0;
				GCC_PREPROCESSOR_DEFINITIONS = (
					"DEBUG=1",
					"$(inherited)",
				);
				GCC_WARN_64_TO_32_BIT_CONVERSION = YES;
				GCC_WARN_ABOUT_RETURN_TYPE = YES_ERROR;
				GCC_WARN_UNDECLARED_SELECTOR = YES;
				GCC_WARN_UNINITIALIZED_AUTOS = YES_AGGRESSIVE;
				GCC_WARN_UNUSED_FUNCTION = YES;
				GCC_WARN_UNUSED_VARIABLE = YES;
				IPHONEOS_DEPLOYMENT_TARGET = 14.1;
				MTL_ENABLE_DEBUG_INFO = INCLUDE_SOURCE;
				MTL_FAST_MATH = YES;
				ONLY_ACTIVE_ARCH = YES;
				SDKROOT = iphoneos;
				SWIFT_ACTIVE_COMPILATION_CONDITIONS = DEBUG;
				SWIFT_OPTIMIZATION_LEVEL = "-Onone";
			};
			name = Debug;
		};
		7E0CC4EC27424B3E00B3A130 /* Release */ = {
			isa = XCBuildConfiguration;
			buildSettings = {
				ALWAYS_SEARCH_USER_PATHS = NO;
				CLANG_ANALYZER_NONNULL = YES;
				CLANG_ANALYZER_NUMBER_OBJECT_CONVERSION = YES_AGGRESSIVE;
				CLANG_CXX_LANGUAGE_STANDARD = "gnu++14";
				CLANG_CXX_LIBRARY = "libc++";
				CLANG_ENABLE_MODULES = YES;
				CLANG_ENABLE_OBJC_ARC = YES;
				CLANG_ENABLE_OBJC_WEAK = YES;
				CLANG_WARN_BLOCK_CAPTURE_AUTORELEASING = YES;
				CLANG_WARN_BOOL_CONVERSION = YES;
				CLANG_WARN_COMMA = YES;
				CLANG_WARN_CONSTANT_CONVERSION = YES;
				CLANG_WARN_DEPRECATED_OBJC_IMPLEMENTATIONS = YES;
				CLANG_WARN_DIRECT_OBJC_ISA_USAGE = YES_ERROR;
				CLANG_WARN_DOCUMENTATION_COMMENTS = YES;
				CLANG_WARN_EMPTY_BODY = YES;
				CLANG_WARN_ENUM_CONVERSION = YES;
				CLANG_WARN_INFINITE_RECURSION = YES;
				CLANG_WARN_INT_CONVERSION = YES;
				CLANG_WARN_NON_LITERAL_NULL_CONVERSION = YES;
				CLANG_WARN_OBJC_IMPLICIT_RETAIN_SELF = YES;
				CLANG_WARN_OBJC_LITERAL_CONVERSION = YES;
				CLANG_WARN_OBJC_ROOT_CLASS = YES_ERROR;
				CLANG_WARN_QUOTED_INCLUDE_IN_FRAMEWORK_HEADER = YES;
				CLANG_WARN_RANGE_LOOP_ANALYSIS = YES;
				CLANG_WARN_STRICT_PROTOTYPES = YES;
				CLANG_WARN_SUSPICIOUS_MOVE = YES;
				CLANG_WARN_UNGUARDED_AVAILABILITY = YES_AGGRESSIVE;
				CLANG_WARN_UNREACHABLE_CODE = YES;
				CLANG_WARN__DUPLICATE_METHOD_MATCH = YES;
				COPY_PHASE_STRIP = NO;
				DEBUG_INFORMATION_FORMAT = "dwarf-with-dsym";
				ENABLE_NS_ASSERTIONS = NO;
				ENABLE_STRICT_OBJC_MSGSEND = YES;
				GCC_C_LANGUAGE_STANDARD = gnu11;
				GCC_NO_COMMON_BLOCKS = YES;
				GCC_WARN_64_TO_32_BIT_CONVERSION = YES;
				GCC_WARN_ABOUT_RETURN_TYPE = YES_ERROR;
				GCC_WARN_UNDECLARED_SELECTOR = YES;
				GCC_WARN_UNINITIALIZED_AUTOS = YES_AGGRESSIVE;
				GCC_WARN_UNUSED_FUNCTION = YES;
				GCC_WARN_UNUSED_VARIABLE = YES;
				IPHONEOS_DEPLOYMENT_TARGET = 14.1;
				MTL_ENABLE_DEBUG_INFO = NO;
				MTL_FAST_MATH = YES;
				SDKROOT = iphoneos;
				SWIFT_COMPILATION_MODE = wholemodule;
				SWIFT_OPTIMIZATION_LEVEL = "-O";
				VALIDATE_PRODUCT = YES;
			};
			name = Release;
		};
		7E0CC4EE27424B3E00B3A130 /* Debug */ = {
			isa = XCBuildConfiguration;
			buildSettings = {
				ASSETCATALOG_COMPILER_APPICON_NAME = AppIcon;
				ASSETCATALOG_COMPILER_GLOBAL_ACCENT_COLOR_NAME = AccentColor;
				CODE_SIGN_STYLE = Automatic;
				DEVELOPMENT_TEAM = TTNMNDU6PP;
				INFOPLIST_FILE = DynamicUIFromJSON/Info.plist;
				LD_RUNPATH_SEARCH_PATHS = (
					"$(inherited)",
					"@executable_path/Frameworks",
				);
				PRODUCT_BUNDLE_IDENTIFIER = RutujaHulsure.DynamicUIFromJSON;
				PRODUCT_NAME = "$(TARGET_NAME)";
				SWIFT_VERSION = 5.0;
				TARGETED_DEVICE_FAMILY = "1,2";
			};
			name = Debug;
		};
		7E0CC4EF27424B3E00B3A130 /* Release */ = {
			isa = XCBuildConfiguration;
			buildSettings = {
				ASSETCATALOG_COMPILER_APPICON_NAME = AppIcon;
				ASSETCATALOG_COMPILER_GLOBAL_ACCENT_COLOR_NAME = AccentColor;
				CODE_SIGN_STYLE = Automatic;
				DEVELOPMENT_TEAM = TTNMNDU6PP;
				INFOPLIST_FILE = DynamicUIFromJSON/Info.plist;
				LD_RUNPATH_SEARCH_PATHS = (
					"$(inherited)",
					"@executable_path/Frameworks",
				);
				PRODUCT_BUNDLE_IDENTIFIER = RutujaHulsure.DynamicUIFromJSON;
				PRODUCT_NAME = "$(TARGET_NAME)";
				SWIFT_VERSION = 5.0;
				TARGETED_DEVICE_FAMILY = "1,2";
			};
			name = Release;
		};
/* End XCBuildConfiguration section */

/* Begin XCConfigurationList section */
		7E0CC4D427424B3C00B3A130 /* Build configuration list for PBXProject "DynamicUIFromJSON" */ = {
			isa = XCConfigurationList;
			buildConfigurations = (
				7E0CC4EB27424B3E00B3A130 /* Debug */,
				7E0CC4EC27424B3E00B3A130 /* Release */,
			);
			defaultConfigurationIsVisible = 0;
			defaultConfigurationName = Release;
		};
		7E0CC4ED27424B3E00B3A130 /* Build configuration list for PBXNativeTarget "DynamicUIFromJSON" */ = {
			isa = XCConfigurationList;
			buildConfigurations = (
				7E0CC4EE27424B3E00B3A130 /* Debug */,
				7E0CC4EF27424B3E00B3A130 /* Release */,
			);
			defaultConfigurationIsVisible = 0;
			defaultConfigurationName = Release;
		};
/* End XCConfigurationList section */
	};
	rootObject = 7E0CC4D127424B3C00B3A130 /* Project object */;
}
